
Microsoft Visual Studio Solution File, Format Version 12.00
# Visual Studio Version 17
VisualStudioVersion = 17.8.34511.84
MinimumVisualStudioVersion = 10.0.40219.1
Project("{FAE04EC0-301F-11D3-BF4B-00C04F79EFBC}") = "WebApplication1", "WebApplication1\WebApplication1.csproj", "{CE1E8687-1B7F-4BAE-8D6F-61AF3BE4138A}"
EndProject
Global
	GlobalSection(SolutionConfigurationPlatforms) = preSolution
		Debug|Any CPU = Debug|Any CPU
		Release|Any CPU = Release|Any CPU
	EndGlobalSection
	GlobalSection(ProjectConfigurationPlatforms) = postSolution
		{CE1E8687-1B7F-4BAE-8D6F-61AF3BE4138A}.Debug|Any CPU.ActiveCfg = Debug|Any CPU
		{CE1E8687-1B7F-4BAE-8D6F-61AF3BE4138A}.Debug|Any CPU.Build.0 = Debug|Any CPU
		{CE1E8687-1B7F-4BAE-8D6F-61AF3BE4138A}.Release|Any CPU.ActiveCfg = Release|Any CPU
		{CE1E8687-1B7F-4BAE-8D6F-61AF3BE4138A}.Release|Any CPU.Build.0 = Release|Any CPU
	EndGlobalSection
	GlobalSection(SolutionProperties) = preSolution
		HideSolutionNode = FALSE
	EndGlobalSection
	GlobalSection(ExtensibilityGlobals) = postSolution
		SolutionGuid = {FAD99EBF-08EA-43A6-B38B-187FE8033AA8}
	EndGlobalSection
EndGlobal
